// !$*UTF8*$!
{
	archiveVersion = 1;
	classes = {
	};
	objectVersion = 77;
	objects = {

/* Begin PBXBuildFile section */
		0A67830AA6AA548EB0518075 /* ModelBenchmarkAPI.swift in Sources */ = {isa = PBXBuildFile; fileRef = 20305B594FA409A7D29132A5 /* ModelBenchmarkAPI.swift */; };
		0BA7451034592F0FC76CB350 /* AgentMemoryViewModel.swift in Sources */ = {isa = PBXBuildFile; fileRef = E23F6200CBCFD81157B2131C /* AgentMemoryViewModel.swift */; };
		0EC9FB3B4AF0DD072D7B917B /* TemperatureComparisonViewModel.swift in Sources */ = {isa = PBXBuildFile; fileRef = 7EF0CF9466A93AFBF6BACA96 /* TemperatureComparisonViewModel.swift */; };
		1209B989EB004DB9BC9095B8 /* NetworkError.swift in Sources */ = {isa = PBXBuildFile; fileRef = 3B0D604ACA157688B9ED94E9 /* NetworkError.swift */; };
		1D28729201F77FC10F66F6D9 /* AgentMemoryScreen.swift in Sources */ = {isa = PBXBuildFile; fileRef = A2F4E1A8FAC672A36648719A /* AgentMemoryScreen.swift */; };
		32A8034ECDAE24A1E22EDAC2 /* ChatRepository.swift in Sources */ = {isa = PBXBuildFile; fileRef = 4C9A95066060B54EE80880DF /* ChatRepository.swift */; };
		34EA43F78A7EB7B91BC1178C /* ContinueAgentConversationUseCase.swift in Sources */ = {isa = PBXBuildFile; fileRef = 3381483DE01CD2640D4B2C6A /* ContinueAgentConversationUseCase.swift */; };
		36162082E2BBEEB2CB2521F9 /* AIAgentScreen.swift in Sources */ = {isa = PBXBuildFile; fileRef = 5AF56C9C038E67352BF10FDD /* AIAgentScreen.swift */; };
		45BB32598B3F35B415642C09 /* DefaultChatRepository.swift in Sources */ = {isa = PBXBuildFile; fileRef = CF627C9A5B5F2D3ECB9AB9B9 /* DefaultChatRepository.swift */; };
		4A58B3D181E71CAFED233E75 /* CompareTemperaturesUseCase.swift in Sources */ = {isa = PBXBuildFile; fileRef = 23F4530E659F2497A349EA01 /* CompareTemperaturesUseCase.swift */; };
		4A6F6EDC2EE081F5F5AAF808 /* ModelComparisonScreen.swift in Sources */ = {isa = PBXBuildFile; fileRef = BFB5D3A07ED3F5C19FF10640 /* ModelComparisonScreen.swift */; };
		4C0604327534D0798FA71565 /* ReasoningDTO.swift in Sources */ = {isa = PBXBuildFile; fileRef = 7B63C6D8522D6987646AAF22 /* ReasoningDTO.swift */; };
		4DBB3170735349156CEE7403 /* TemperatureExperiment.swift in Sources */ = {isa = PBXBuildFile; fileRef = 1FEF53FAE79CA7E8056DC62E /* TemperatureExperiment.swift */; };
		506E3AC9C1B51545DCDBACC4 /* DefaultAIAgentRepository.swift in Sources */ = {isa = PBXBuildFile; fileRef = EBD8E5FC1CF3DB26DD54995F /* DefaultAIAgentRepository.swift */; };
		5C235B3074A031ABD793A79D /* ReasoningComparisonViewModel.swift in Sources */ = {isa = PBXBuildFile; fileRef = B25FD3415E71DB3BB9CA4C8E /* ReasoningComparisonViewModel.swift */; };
		60DDE5D2C9C3116E28B9047C /* ChatAPI.swift in Sources */ = {isa = PBXBuildFile; fileRef = BD84298F8EFDD5862E47D2CF /* ChatAPI.swift */; };
		612DA54276720C064FA50075 /* MessageBubble.swift in Sources */ = {isa = PBXBuildFile; fileRef = 1CA9058D4B72C152E8B04242 /* MessageBubble.swift */; };
		6331BD4B0B3E9ED4A2992797 /* CompareResponsesUseCase.swift in Sources */ = {isa = PBXBuildFile; fileRef = 7B537704FA489ED5C4C0DDBE /* CompareResponsesUseCase.swift */; };
		6DD00D1989A72B6B1F5F2256 /* AIAgentViewModel.swift in Sources */ = {isa = PBXBuildFile; fileRef = 010EDF051019F721907714D6 /* AIAgentViewModel.swift */; };
		719C13BE8A2FAADC5C4C2B6C /* TemperatureComparisonScreen.swift in Sources */ = {isa = PBXBuildFile; fileRef = B9ED79F0116812A84AD896E7 /* TemperatureComparisonScreen.swift */; };
		76F79E951EFD16D15E33548F /* CompareModelsUseCase.swift in Sources */ = {isa = PBXBuildFile; fileRef = D2AE57599684AB93D8F35CAD /* CompareModelsUseCase.swift */; };
		78C72BA25741CB01929E920C /* TemperatureRepository.swift in Sources */ = {isa = PBXBuildFile; fileRef = C18F126DC0877445FF3080E7 /* TemperatureRepository.swift */; };
		7B0AFD353C22C8037555AF21 /* ReasoningAPI.swift in Sources */ = {isa = PBXBuildFile; fileRef = 2EC11CFAEC1906A8C87EB57D /* ReasoningAPI.swift */; };
		80F69D38B9659875BD666AD0 /* ChatViewModel.swift in Sources */ = {isa = PBXBuildFile; fileRef = 9C42590EBD75F7D45004C595 /* ChatViewModel.swift */; };
		828158D4CE38E3632944DBD0 /* DayOneScreen.swift in Sources */ = {isa = PBXBuildFile; fileRef = 57D3F3E59C178BFDE5DD6FFD /* DayOneScreen.swift */; };
		831C043920DC745D1DC52A52 /* HTTPClient.swift in Sources */ = {isa = PBXBuildFile; fileRef = E6872C26C340A28BBC703E14 /* HTTPClient.swift */; };
		9A760C352AED43CCC4474518 /* ModelBenchmarkRepository.swift in Sources */ = {isa = PBXBuildFile; fileRef = D03352D3690C93DEF873C742 /* ModelBenchmarkRepository.swift */; };
		9D7B28C9C6BA9185748E5E84 /* ModelBenchmarkDTO.swift in Sources */ = {isa = PBXBuildFile; fileRef = CBD09E10713C3F9A3A16F9CC /* ModelBenchmarkDTO.swift */; };
		9EBFBBD804C25BD5145B6435 /* AppConfiguration.swift in Sources */ = {isa = PBXBuildFile; fileRef = 5CB0BB417624CBE49621AB3F /* AppConfiguration.swift */; };
		9F4B8B9DA9CE4AA77686CA4C /* ModelComparisonViewModel.swift in Sources */ = {isa = PBXBuildFile; fileRef = DEBD5DBE09BE497E154879CF /* ModelComparisonViewModel.swift */; };
		A0933F24E866DCEE8EB9366F /* APIErrorDTO.swift in Sources */ = {isa = PBXBuildFile; fileRef = CEEEFC5C9B609A926FBF7467 /* APIErrorDTO.swift */; };
		A2427CED350F7945C73FEEDB /* AIAgent.swift in Sources */ = {isa = PBXBuildFile; fileRef = 7474F21444CBA42791A64ECD /* AIAgent.swift */; };
		A25826D84142952A7312BD66 /* TemperatureDTO.swift in Sources */ = {isa = PBXBuildFile; fileRef = 1BEAE94D7978BBC3F2FEB038 /* TemperatureDTO.swift */; };
		A41E09C494105C3994FE8A95 /* ChatMessage.swift in Sources */ = {isa = PBXBuildFile; fileRef = BF6C0766D01BA44EC64539D8 /* ChatMessage.swift */; };
		A60D702F0532742538FEBCCA /* AppContainer.swift in Sources */ = {isa = PBXBuildFile; fileRef = 56047B5C5175BC9A5B624D1A /* AppContainer.swift */; };
		A6F58DDCD623B8DEE8B8AD2A /* AIAgentRepository.swift in Sources */ = {isa = PBXBuildFile; fileRef = 1887505C71BBAAD53C8934B6 /* AIAgentRepository.swift */; };
		B39C4D7F9B609B80BB9F93A2 /* DefaultModelBenchmarkRepository.swift in Sources */ = {isa = PBXBuildFile; fileRef = 5AFC99B60380CB9AE1C8FAA4 /* DefaultModelBenchmarkRepository.swift */; };
		B4AEB316116EA61C13B7E1A7 /* TemperatureAPI.swift in Sources */ = {isa = PBXBuildFile; fileRef = A9C5C17D52ACF0E78F53565F /* TemperatureAPI.swift */; };
		B651AD4E1B7285F9D643A317 /* CompareReasoningStrategiesUseCase.swift in Sources */ = {isa = PBXBuildFile; fileRef = 07A5CE63A6DEC2C16BDC596C /* CompareReasoningStrategiesUseCase.swift */; };
		B6F9BBD3EF57E964C231108A /* AIAgentAPI.swift in Sources */ = {isa = PBXBuildFile; fileRef = D369DB5486C58E6202576CB3 /* AIAgentAPI.swift */; };
		C4B04D5E125443183A0E97A0 /* SendMessageUseCaseTests.swift in Sources */ = {isa = PBXBuildFile; fileRef = 543D0FF50CC9F2AE957FD7B4 /* SendMessageUseCaseTests.swift */; };
		C8B8F40CFEA3913C2FA58742 /* AIAgentDTO.swift in Sources */ = {isa = PBXBuildFile; fileRef = BABDA523AA4C55F182C85ECC /* AIAgentDTO.swift */; };
		CEAAB2611A58FE960587CAA5 /* DayOneViewModel.swift in Sources */ = {isa = PBXBuildFile; fileRef = 5DFB97A3FB38BA8631D55D02 /* DayOneViewModel.swift */; };
		CFFF4C7140AA36DBA94B8EF7 /* ChatRequestDTO.swift in Sources */ = {isa = PBXBuildFile; fileRef = E623D238DE32167664F26731 /* ChatRequestDTO.swift */; };
		D06BB70DF65BCB43D1BE7DF9 /* MessageInputView.swift in Sources */ = {isa = PBXBuildFile; fileRef = C3846B620896C3F8660B5C39 /* MessageInputView.swift */; };
		D355D6526FCD6ECAED6DFFC8 /* ChallengeCatalogScreen.swift in Sources */ = {isa = PBXBuildFile; fileRef = D782CF6167DCAD5DEBD2052F /* ChallengeCatalogScreen.swift */; };
		D4449EE3A9007D9A0B8430AB /* SendMessageUseCase.swift in Sources */ = {isa = PBXBuildFile; fileRef = 21D930733FCB9A5F7108684C /* SendMessageUseCase.swift */; };
		DA775C78ACEEF210ECFEDA4A /* ChatResponseDTO.swift in Sources */ = {isa = PBXBuildFile; fileRef = 098F1179F29CB1F9A90D9FA1 /* ChatResponseDTO.swift */; };
		DA8E36036FD6AD2D5C7C30BB /* AgentMemoryRepository.swift in Sources */ = {isa = PBXBuildFile; fileRef = 85D10D211FE6889A1489EA5B /* AgentMemoryRepository.swift */; };
		E0791C8005906EE0FDE57C23 /* ReasoningRepository.swift in Sources */ = {isa = PBXBuildFile; fileRef = 586AB23B233FAFA0DE93BC42 /* ReasoningRepository.swift */; };
		E324CEC46B108EE11F3DC1C6 /* URLSessionHTTPClient.swift in Sources */ = {isa = PBXBuildFile; fileRef = 27EDDF06D0B255A968C0DE66 /* URLSessionHTTPClient.swift */; };
		E360A02A562B5290187BC268 /* ReasoningComparisonScreen.swift in Sources */ = {isa = PBXBuildFile; fileRef = 5955D438481D8C999503A87E /* ReasoningComparisonScreen.swift */; };
		E3DE98C0FD9F7CB942811927 /* TalkToAgentUseCase.swift in Sources */ = {isa = PBXBuildFile; fileRef = A73908A5EECDD575D8F354F2 /* TalkToAgentUseCase.swift */; };
		E5979866DD5CF3E19B05E121 /* Reasoning.swift in Sources */ = {isa = PBXBuildFile; fileRef = E6B0F6994375C702E449A2EB /* Reasoning.swift */; };
		E64F1F3E0D61FA33B7342A69 /* ChatScreen.swift in Sources */ = {isa = PBXBuildFile; fileRef = D1F7A05267CFADA311921737 /* ChatScreen.swift */; };
		ED66A16665037D6E52602D13 /* AITheme.swift in Sources */ = {isa = PBXBuildFile; fileRef = 7A0C2451302D12D4A183E3B6 /* AITheme.swift */; };
		EDCA6DC90ED0C3724CE455FA /* AIChallengeApp.swift in Sources */ = {isa = PBXBuildFile; fileRef = 78D3A8A3317FC05C96705311 /* AIChallengeApp.swift */; };
		EED224A20987C5548F659005 /* ChatReply.swift in Sources */ = {isa = PBXBuildFile; fileRef = 85F051EC7B6DFF233E3A765B /* ChatReply.swift */; };
		F0C891123F8760AA4897C64C /* DefaultTemperatureRepository.swift in Sources */ = {isa = PBXBuildFile; fileRef = CC84667B64D49DA54EDC085D /* DefaultTemperatureRepository.swift */; };
		F12614CF1EFC1309A81A63B3 /* DefaultReasoningRepository.swift in Sources */ = {isa = PBXBuildFile; fileRef = 2901EE2D7BBA1BFD1C2D6DBA /* DefaultReasoningRepository.swift */; };
		FED79E710D13B0FF79C2B93B /* ModelBenchmark.swift in Sources */ = {isa = PBXBuildFile; fileRef = 3EE619C6FEC6FCE944CCF32F /* ModelBenchmark.swift */; };
/* End PBXBuildFile section */

/* Begin PBXContainerItemProxy section */
		0928892AE87D81BF302BC74D /* PBXContainerItemProxy */ = {
			isa = PBXContainerItemProxy;
			containerPortal = 8F1790634B60058273775D1F /* Project object */;
			proxyType = 1;
			remoteGlobalIDString = E0242721846DBD0311AB5BED;
			remoteInfo = AIChallenge;
		};
/* End PBXContainerItemProxy section */

/* Begin PBXFileReference section */
		010EDF051019F721907714D6 /* AIAgentViewModel.swift */ = {isa = PBXFileReference; lastKnownFileType = sourcecode.swift; path = AIAgentViewModel.swift; sourceTree = "<group>"; };
		07A5CE63A6DEC2C16BDC596C /* CompareReasoningStrategiesUseCase.swift */ = {isa = PBXFileReference; lastKnownFileType = sourcecode.swift; path = CompareReasoningStrategiesUseCase.swift; sourceTree = "<group>"; };
		080CAD5C83B71FC309FBEAD5 /* AIChallenge.app */ = {isa = PBXFileReference; includeInIndex = 0; lastKnownFileType = wrapper.application; path = AIChallenge.app; sourceTree = BUILT_PRODUCTS_DIR; };
		098F1179F29CB1F9A90D9FA1 /* ChatResponseDTO.swift */ = {isa = PBXFileReference; lastKnownFileType = sourcecode.swift; path = ChatResponseDTO.swift; sourceTree = "<group>"; };
		1887505C71BBAAD53C8934B6 /* AIAgentRepository.swift */ = {isa = PBXFileReference; lastKnownFileType = sourcecode.swift; path = AIAgentRepository.swift; sourceTree = "<group>"; };
		1BEAE94D7978BBC3F2FEB038 /* TemperatureDTO.swift */ = {isa = PBXFileReference; lastKnownFileType = sourcecode.swift; path = TemperatureDTO.swift; sourceTree = "<group>"; };
		1CA9058D4B72C152E8B04242 /* MessageBubble.swift */ = {isa = PBXFileReference; lastKnownFileType = sourcecode.swift; path = MessageBubble.swift; sourceTree = "<group>"; };
		1FEF53FAE79CA7E8056DC62E /* TemperatureExperiment.swift */ = {isa = PBXFileReference; lastKnownFileType = sourcecode.swift; path = TemperatureExperiment.swift; sourceTree = "<group>"; };
		20305B594FA409A7D29132A5 /* ModelBenchmarkAPI.swift */ = {isa = PBXFileReference; lastKnownFileType = sourcecode.swift; path = ModelBenchmarkAPI.swift; sourceTree = "<group>"; };
		21D930733FCB9A5F7108684C /* SendMessageUseCase.swift */ = {isa = PBXFileReference; lastKnownFileType = sourcecode.swift; path = SendMessageUseCase.swift; sourceTree = "<group>"; };
		23F4530E659F2497A349EA01 /* CompareTemperaturesUseCase.swift */ = {isa = PBXFileReference; lastKnownFileType = sourcecode.swift; path = CompareTemperaturesUseCase.swift; sourceTree = "<group>"; };
		27EDDF06D0B255A968C0DE66 /* URLSessionHTTPClient.swift */ = {isa = PBXFileReference; lastKnownFileType = sourcecode.swift; path = URLSessionHTTPClient.swift; sourceTree = "<group>"; };
		2901EE2D7BBA1BFD1C2D6DBA /* DefaultReasoningRepository.swift */ = {isa = PBXFileReference; lastKnownFileType = sourcecode.swift; path = DefaultReasoningRepository.swift; sourceTree = "<group>"; };
		2EC11CFAEC1906A8C87EB57D /* ReasoningAPI.swift */ = {isa = PBXFileReference; lastKnownFileType = sourcecode.swift; path = ReasoningAPI.swift; sourceTree = "<group>"; };
		3381483DE01CD2640D4B2C6A /* ContinueAgentConversationUseCase.swift */ = {isa = PBXFileReference; lastKnownFileType = sourcecode.swift; path = ContinueAgentConversationUseCase.swift; sourceTree = "<group>"; };
		3B0D604ACA157688B9ED94E9 /* NetworkError.swift */ = {isa = PBXFileReference; lastKnownFileType = sourcecode.swift; path = NetworkError.swift; sourceTree = "<group>"; };
		3EE619C6FEC6FCE944CCF32F /* ModelBenchmark.swift */ = {isa = PBXFileReference; lastKnownFileType = sourcecode.swift; path = ModelBenchmark.swift; sourceTree = "<group>"; };
		4C9A95066060B54EE80880DF /* ChatRepository.swift */ = {isa = PBXFileReference; lastKnownFileType = sourcecode.swift; path = ChatRepository.swift; sourceTree = "<group>"; };
		543D0FF50CC9F2AE957FD7B4 /* SendMessageUseCaseTests.swift */ = {isa = PBXFileReference; lastKnownFileType = sourcecode.swift; path = SendMessageUseCaseTests.swift; sourceTree = "<group>"; };
		56047B5C5175BC9A5B624D1A /* AppContainer.swift */ = {isa = PBXFileReference; lastKnownFileType = sourcecode.swift; path = AppContainer.swift; sourceTree = "<group>"; };
		57D3F3E59C178BFDE5DD6FFD /* DayOneScreen.swift */ = {isa = PBXFileReference; lastKnownFileType = sourcecode.swift; path = DayOneScreen.swift; sourceTree = "<group>"; };
		586AB23B233FAFA0DE93BC42 /* ReasoningRepository.swift */ = {isa = PBXFileReference; lastKnownFileType = sourcecode.swift; path = ReasoningRepository.swift; sourceTree = "<group>"; };
		5955D438481D8C999503A87E /* ReasoningComparisonScreen.swift */ = {isa = PBXFileReference; lastKnownFileType = sourcecode.swift; path = ReasoningComparisonScreen.swift; sourceTree = "<group>"; };
		5AF56C9C038E67352BF10FDD /* AIAgentScreen.swift */ = {isa = PBXFileReference; lastKnownFileType = sourcecode.swift; path = AIAgentScreen.swift; sourceTree = "<group>"; };
		5AFC99B60380CB9AE1C8FAA4 /* DefaultModelBenchmarkRepository.swift */ = {isa = PBXFileReference; lastKnownFileType = sourcecode.swift; path = DefaultModelBenchmarkRepository.swift; sourceTree = "<group>"; };
		5CB0BB417624CBE49621AB3F /* AppConfiguration.swift */ = {isa = PBXFileReference; lastKnownFileType = sourcecode.swift; path = AppConfiguration.swift; sourceTree = "<group>"; };
		5DFB97A3FB38BA8631D55D02 /* DayOneViewModel.swift */ = {isa = PBXFileReference; lastKnownFileType = sourcecode.swift; path = DayOneViewModel.swift; sourceTree = "<group>"; };
		6C56BC58FE020F7466015BE4 /* App.xcconfig */ = {isa = PBXFileReference; lastKnownFileType = text.xcconfig; path = App.xcconfig; sourceTree = "<group>"; };
		7474F21444CBA42791A64ECD /* AIAgent.swift */ = {isa = PBXFileReference; lastKnownFileType = sourcecode.swift; path = AIAgent.swift; sourceTree = "<group>"; };
		78D3A8A3317FC05C96705311 /* AIChallengeApp.swift */ = {isa = PBXFileReference; lastKnownFileType = sourcecode.swift; path = AIChallengeApp.swift; sourceTree = "<group>"; };
		7A0C2451302D12D4A183E3B6 /* AITheme.swift */ = {isa = PBXFileReference; lastKnownFileType = sourcecode.swift; path = AITheme.swift; sourceTree = "<group>"; };
		7B537704FA489ED5C4C0DDBE /* CompareResponsesUseCase.swift */ = {isa = PBXFileReference; lastKnownFileType = sourcecode.swift; path = CompareResponsesUseCase.swift; sourceTree = "<group>"; };
		7B63C6D8522D6987646AAF22 /* ReasoningDTO.swift */ = {isa = PBXFileReference; lastKnownFileType = sourcecode.swift; path = ReasoningDTO.swift; sourceTree = "<group>"; };
		7EF0CF9466A93AFBF6BACA96 /* TemperatureComparisonViewModel.swift */ = {isa = PBXFileReference; lastKnownFileType = sourcecode.swift; path = TemperatureComparisonViewModel.swift; sourceTree = "<group>"; };
		85D10D211FE6889A1489EA5B /* AgentMemoryRepository.swift */ = {isa = PBXFileReference; lastKnownFileType = sourcecode.swift; path = AgentMemoryRepository.swift; sourceTree = "<group>"; };
		85F051EC7B6DFF233E3A765B /* ChatReply.swift */ = {isa = PBXFileReference; lastKnownFileType = sourcecode.swift; path = ChatReply.swift; sourceTree = "<group>"; };
		9653D39E22A786D8EEE0FF23 /* AIChallengeTests.xctest */ = {isa = PBXFileReference; includeInIndex = 0; lastKnownFileType = wrapper.cfbundle; path = AIChallengeTests.xctest; sourceTree = BUILT_PRODUCTS_DIR; };
		9C42590EBD75F7D45004C595 /* ChatViewModel.swift */ = {isa = PBXFileReference; lastKnownFileType = sourcecode.swift; path = ChatViewModel.swift; sourceTree = "<group>"; };
		A2F4E1A8FAC672A36648719A /* AgentMemoryScreen.swift */ = {isa = PBXFileReference; lastKnownFileType = sourcecode.swift; path = AgentMemoryScreen.swift; sourceTree = "<group>"; };
		A73908A5EECDD575D8F354F2 /* TalkToAgentUseCase.swift */ = {isa = PBXFileReference; lastKnownFileType = sourcecode.swift; path = TalkToAgentUseCase.swift; sourceTree = "<group>"; };
		A9C5C17D52ACF0E78F53565F /* TemperatureAPI.swift */ = {isa = PBXFileReference; lastKnownFileType = sourcecode.swift; path = TemperatureAPI.swift; sourceTree = "<group>"; };
		B25FD3415E71DB3BB9CA4C8E /* ReasoningComparisonViewModel.swift */ = {isa = PBXFileReference; lastKnownFileType = sourcecode.swift; path = ReasoningComparisonViewModel.swift; sourceTree = "<group>"; };
		B9ED79F0116812A84AD896E7 /* TemperatureComparisonScreen.swift */ = {isa = PBXFileReference; lastKnownFileType = sourcecode.swift; path = TemperatureComparisonScreen.swift; sourceTree = "<group>"; };
		BABDA523AA4C55F182C85ECC /* AIAgentDTO.swift */ = {isa = PBXFileReference; lastKnownFileType = sourcecode.swift; path = AIAgentDTO.swift; sourceTree = "<group>"; };
		BD84298F8EFDD5862E47D2CF /* ChatAPI.swift */ = {isa = PBXFileReference; lastKnownFileType = sourcecode.swift; path = ChatAPI.swift; sourceTree = "<group>"; };
		BF6C0766D01BA44EC64539D8 /* ChatMessage.swift */ = {isa = PBXFileReference; lastKnownFileType = sourcecode.swift; path = ChatMessage.swift; sourceTree = "<group>"; };
		BFB5D3A07ED3F5C19FF10640 /* ModelComparisonScreen.swift */ = {isa = PBXFileReference; lastKnownFileType = sourcecode.swift; path = ModelComparisonScreen.swift; sourceTree = "<group>"; };
		C18F126DC0877445FF3080E7 /* TemperatureRepository.swift */ = {isa = PBXFileReference; lastKnownFileType = sourcecode.swift; path = TemperatureRepository.swift; sourceTree = "<group>"; };
		C3846B620896C3F8660B5C39 /* MessageInputView.swift */ = {isa = PBXFileReference; lastKnownFileType = sourcecode.swift; path = MessageInputView.swift; sourceTree = "<group>"; };
		CBD09E10713C3F9A3A16F9CC /* ModelBenchmarkDTO.swift */ = {isa = PBXFileReference; lastKnownFileType = sourcecode.swift; path = ModelBenchmarkDTO.swift; sourceTree = "<group>"; };
		CC84667B64D49DA54EDC085D /* DefaultTemperatureRepository.swift */ = {isa = PBXFileReference; lastKnownFileType = sourcecode.swift; path = DefaultTemperatureRepository.swift; sourceTree = "<group>"; };
		CEEEFC5C9B609A926FBF7467 /* APIErrorDTO.swift */ = {isa = PBXFileReference; lastKnownFileType = sourcecode.swift; path = APIErrorDTO.swift; sourceTree = "<group>"; };
		CF627C9A5B5F2D3ECB9AB9B9 /* DefaultChatRepository.swift */ = {isa = PBXFileReference; lastKnownFileType = sourcecode.swift; path = DefaultChatRepository.swift; sourceTree = "<group>"; };
		D03352D3690C93DEF873C742 /* ModelBenchmarkRepository.swift */ = {isa = PBXFileReference; lastKnownFileType = sourcecode.swift; path = ModelBenchmarkRepository.swift; sourceTree = "<group>"; };
		D1F7A05267CFADA311921737 /* ChatScreen.swift */ = {isa = PBXFileReference; lastKnownFileType = sourcecode.swift; path = ChatScreen.swift; sourceTree = "<group>"; };
		D2AE57599684AB93D8F35CAD /* CompareModelsUseCase.swift */ = {isa = PBXFileReference; lastKnownFileType = sourcecode.swift; path = CompareModelsUseCase.swift; sourceTree = "<group>"; };
		D369DB5486C58E6202576CB3 /* AIAgentAPI.swift */ = {isa = PBXFileReference; lastKnownFileType = sourcecode.swift; path = AIAgentAPI.swift; sourceTree = "<group>"; };
		D782CF6167DCAD5DEBD2052F /* ChallengeCatalogScreen.swift */ = {isa = PBXFileReference; lastKnownFileType = sourcecode.swift; path = ChallengeCatalogScreen.swift; sourceTree = "<group>"; };
		DEBD5DBE09BE497E154879CF /* ModelComparisonViewModel.swift */ = {isa = PBXFileReference; lastKnownFileType = sourcecode.swift; path = ModelComparisonViewModel.swift; sourceTree = "<group>"; };
		E23F6200CBCFD81157B2131C /* AgentMemoryViewModel.swift */ = {isa = PBXFileReference; lastKnownFileType = sourcecode.swift; path = AgentMemoryViewModel.swift; sourceTree = "<group>"; };
		E623D238DE32167664F26731 /* ChatRequestDTO.swift */ = {isa = PBXFileReference; lastKnownFileType = sourcecode.swift; path = ChatRequestDTO.swift; sourceTree = "<group>"; };
		E6872C26C340A28BBC703E14 /* HTTPClient.swift */ = {isa = PBXFileReference; lastKnownFileType = sourcecode.swift; path = HTTPClient.swift; sourceTree = "<group>"; };
		E6B0F6994375C702E449A2EB /* Reasoning.swift */ = {isa = PBXFileReference; lastKnownFileType = sourcecode.swift; path = Reasoning.swift; sourceTree = "<group>"; };
		EBD8E5FC1CF3DB26DD54995F /* DefaultAIAgentRepository.swift */ = {isa = PBXFileReference; lastKnownFileType = sourcecode.swift; path = DefaultAIAgentRepository.swift; sourceTree = "<group>"; };
/* End PBXFileReference section */

/* Begin PBXGroup section */
		087C06D0503E64223F4644DC /* Presentation */ = {
			isa = PBXGroup;
			children = (
				DEBD5DBE09BE497E154879CF /* ModelComparisonViewModel.swift */,
			);
			path = Presentation;
			sourceTree = "<group>";
		};
		1293115B383E8394E8AF2709 /* Views */ = {
			isa = PBXGroup;
			children = (
				5AF56C9C038E67352BF10FDD /* AIAgentScreen.swift */,
			);
			path = Views;
			sourceTree = "<group>";
		};
		14BB796C528D879866C4AF2E /* Core */ = {
			isa = PBXGroup;
			children = (
				45EC8B22B98320D0DAB16293 /* Configuration */,
				3977D8156A0F257EB2E72EE7 /* Design */,
				A42454ADD3BF1BBD16604F56 /* Networking */,
			);
			path = Core;
			sourceTree = "<group>";
		};
		1F5840DC155BF248AEAB20A0 /* Products */ = {
			isa = PBXGroup;
			children = (
				080CAD5C83B71FC309FBEAD5 /* AIChallenge.app */,
				9653D39E22A786D8EEE0FF23 /* AIChallengeTests.xctest */,
			);
			name = Products;
			sourceTree = "<group>";
		};
		2153D588DD28876E7C0F3835 /* Models */ = {
			isa = PBXGroup;
			children = (
				087C06D0503E64223F4644DC /* Presentation */,
				D12AD163774BAD0DDD8316E0 /* Views */,
			);
			path = Models;
			sourceTree = "<group>";
		};
		29054E0A86659BCEB13CE1F3 /* DTO */ = {
			isa = PBXGroup;
			children = (
				BABDA523AA4C55F182C85ECC /* AIAgentDTO.swift */,
				CEEEFC5C9B609A926FBF7467 /* APIErrorDTO.swift */,
				E623D238DE32167664F26731 /* ChatRequestDTO.swift */,
				098F1179F29CB1F9A90D9FA1 /* ChatResponseDTO.swift */,
				CBD09E10713C3F9A3A16F9CC /* ModelBenchmarkDTO.swift */,
				7B63C6D8522D6987646AAF22 /* ReasoningDTO.swift */,
				1BEAE94D7978BBC3F2FEB038 /* TemperatureDTO.swift */,
			);
			path = DTO;
			sourceTree = "<group>";
		};
		2AFF244D52E839009458C997 /* API */ = {
			isa = PBXGroup;
			children = (
				D369DB5486C58E6202576CB3 /* AIAgentAPI.swift */,
				BD84298F8EFDD5862E47D2CF /* ChatAPI.swift */,
				20305B594FA409A7D29132A5 /* ModelBenchmarkAPI.swift */,
				2EC11CFAEC1906A8C87EB57D /* ReasoningAPI.swift */,
				A9C5C17D52ACF0E78F53565F /* TemperatureAPI.swift */,
			);
			path = API;
			sourceTree = "<group>";
		};
		2D943B9A79655D3990A20580 /* Presentation */ = {
			isa = PBXGroup;
			children = (
				E23F6200CBCFD81157B2131C /* AgentMemoryViewModel.swift */,
			);
			path = Presentation;
			sourceTree = "<group>";
		};
		3977D8156A0F257EB2E72EE7 /* Design */ = {
			isa = PBXGroup;
			children = (
				7A0C2451302D12D4A183E3B6 /* AITheme.swift */,
			);
			path = Design;
			sourceTree = "<group>";
		};
		409150307A5E72D4F79C07C2 /* Views */ = {
			isa = PBXGroup;
			children = (
				5955D438481D8C999503A87E /* ReasoningComparisonScreen.swift */,
			);
			path = Views;
			sourceTree = "<group>";
		};
		42BFBEF36E335110AA28D44E /* Presentation */ = {
			isa = PBXGroup;
			children = (
				7EF0CF9466A93AFBF6BACA96 /* TemperatureComparisonViewModel.swift */,
			);
			path = Presentation;
			sourceTree = "<group>";
		};
		4466EDFD38D01BB25BCAFB26 /* AgentMemory */ = {
			isa = PBXGroup;
			children = (
				2D943B9A79655D3990A20580 /* Presentation */,
				96D996276297E7500CCEFDC1 /* Views */,
			);
			path = AgentMemory;
			sourceTree = "<group>";
		};
		45EC8B22B98320D0DAB16293 /* Configuration */ = {
			isa = PBXGroup;
			children = (
				5CB0BB417624CBE49621AB3F /* AppConfiguration.swift */,
			);
			path = Configuration;
			sourceTree = "<group>";
		};
		525A71CB5012F02D6651BE9B /* Repositories */ = {
			isa = PBXGroup;
			children = (
				EBD8E5FC1CF3DB26DD54995F /* DefaultAIAgentRepository.swift */,
				CF627C9A5B5F2D3ECB9AB9B9 /* DefaultChatRepository.swift */,
				5AFC99B60380CB9AE1C8FAA4 /* DefaultModelBenchmarkRepository.swift */,
				2901EE2D7BBA1BFD1C2D6DBA /* DefaultReasoningRepository.swift */,
				CC84667B64D49DA54EDC085D /* DefaultTemperatureRepository.swift */,
			);
			path = Repositories;
			sourceTree = "<group>";
		};
		56F96AF470DBDCF0186A018F /* Data */ = {
			isa = PBXGroup;
			children = (
				2AFF244D52E839009458C997 /* API */,
				29054E0A86659BCEB13CE1F3 /* DTO */,
				525A71CB5012F02D6651BE9B /* Repositories */,
			);
			path = Data;
			sourceTree = "<group>";
		};
		5EEC7AF6514D72853A4CFC97 /* Chat */ = {
			isa = PBXGroup;
			children = (
				E1CBBCCBE17A18D9BAE1840A /* Presentation */,
				F178F2A262FB7FBE3937660D /* Views */,
			);
			path = Chat;
			sourceTree = "<group>";
		};
		6423B55B895D893A3B37FB05 /* Models */ = {
			isa = PBXGroup;
			children = (
				7474F21444CBA42791A64ECD /* AIAgent.swift */,
				BF6C0766D01BA44EC64539D8 /* ChatMessage.swift */,
				85F051EC7B6DFF233E3A765B /* ChatReply.swift */,
				3EE619C6FEC6FCE944CCF32F /* ModelBenchmark.swift */,
				E6B0F6994375C702E449A2EB /* Reasoning.swift */,
				1FEF53FAE79CA7E8056DC62E /* TemperatureExperiment.swift */,
			);
			path = Models;
			sourceTree = "<group>";
		};
		822703F4B64F66AE7AAEAE5C /* AIChallengeTests */ = {
			isa = PBXGroup;
			children = (
				543D0FF50CC9F2AE957FD7B4 /* SendMessageUseCaseTests.swift */,
			);
			path = AIChallengeTests;
			sourceTree = "<group>";
		};
		887464F876F9248821774486 /* Presentation */ = {
			isa = PBXGroup;
			children = (
				B25FD3415E71DB3BB9CA4C8E /* ReasoningComparisonViewModel.swift */,
			);
			path = Presentation;
			sourceTree = "<group>";
		};
		8D559A978C0D4BE521BA77B3 /* DayOne */ = {
			isa = PBXGroup;
			children = (
				57D3F3E59C178BFDE5DD6FFD /* DayOneScreen.swift */,
				5DFB97A3FB38BA8631D55D02 /* DayOneViewModel.swift */,
			);
			path = DayOne;
			sourceTree = "<group>";
		};
		96D996276297E7500CCEFDC1 /* Views */ = {
			isa = PBXGroup;
			children = (
				A2F4E1A8FAC672A36648719A /* AgentMemoryScreen.swift */,
			);
			path = Views;
			sourceTree = "<group>";
		};
		9F1A61673C35343CD94F33D0 /* Features */ = {
			isa = PBXGroup;
			children = (
				DEFAB63544D94544250871A4 /* Agent */,
				4466EDFD38D01BB25BCAFB26 /* AgentMemory */,
				E4AC459AD44E2CDDEEB43F9A /* Catalog */,
				5EEC7AF6514D72853A4CFC97 /* Chat */,
				8D559A978C0D4BE521BA77B3 /* DayOne */,
				2153D588DD28876E7C0F3835 /* Models */,
				E056BD6DCAFD8A1B3594D7D5 /* Reasoning */,
				D4354656B8FEFBD4AFD7C432 /* Temperature */,
			);
			path = Features;
			sourceTree = "<group>";
		};
		A42454ADD3BF1BBD16604F56 /* Networking */ = {
			isa = PBXGroup;
			children = (
				E6872C26C340A28BBC703E14 /* HTTPClient.swift */,
				3B0D604ACA157688B9ED94E9 /* NetworkError.swift */,
				27EDDF06D0B255A968C0DE66 /* URLSessionHTTPClient.swift */,
			);
			path = Networking;
			sourceTree = "<group>";
		};
		A54D9D00A425E4197D82B77B /* Repositories */ = {
			isa = PBXGroup;
			children = (
				85D10D211FE6889A1489EA5B /* AgentMemoryRepository.swift */,
				1887505C71BBAAD53C8934B6 /* AIAgentRepository.swift */,
				4C9A95066060B54EE80880DF /* ChatRepository.swift */,
				D03352D3690C93DEF873C742 /* ModelBenchmarkRepository.swift */,
				586AB23B233FAFA0DE93BC42 /* ReasoningRepository.swift */,
				C18F126DC0877445FF3080E7 /* TemperatureRepository.swift */,
			);
			path = Repositories;
			sourceTree = "<group>";
		};
		B5060E6351820C2C12D4214B /* Views */ = {
			isa = PBXGroup;
			children = (
				B9ED79F0116812A84AD896E7 /* TemperatureComparisonScreen.swift */,
			);
			path = Views;
			sourceTree = "<group>";
		};
		BC027A79A275D12491AEFC5C /* App */ = {
			isa = PBXGroup;
			children = (
				78D3A8A3317FC05C96705311 /* AIChallengeApp.swift */,
				56047B5C5175BC9A5B624D1A /* AppContainer.swift */,
			);
			path = App;
			sourceTree = "<group>";
		};
		CB81AF83D7E281F9E37B3E8B /* UseCases */ = {
			isa = PBXGroup;
			children = (
				D2AE57599684AB93D8F35CAD /* CompareModelsUseCase.swift */,
				07A5CE63A6DEC2C16BDC596C /* CompareReasoningStrategiesUseCase.swift */,
				7B537704FA489ED5C4C0DDBE /* CompareResponsesUseCase.swift */,
				23F4530E659F2497A349EA01 /* CompareTemperaturesUseCase.swift */,
				3381483DE01CD2640D4B2C6A /* ContinueAgentConversationUseCase.swift */,
				21D930733FCB9A5F7108684C /* SendMessageUseCase.swift */,
				A73908A5EECDD575D8F354F2 /* TalkToAgentUseCase.swift */,
			);
			path = UseCases;
			sourceTree = "<group>";
		};
		D12AD163774BAD0DDD8316E0 /* Views */ = {
			isa = PBXGroup;
			children = (
				BFB5D3A07ED3F5C19FF10640 /* ModelComparisonScreen.swift */,
			);
			path = Views;
			sourceTree = "<group>";
		};
		D4354656B8FEFBD4AFD7C432 /* Temperature */ = {
			isa = PBXGroup;
			children = (
				42BFBEF36E335110AA28D44E /* Presentation */,
				B5060E6351820C2C12D4214B /* Views */,
			);
			path = Temperature;
			sourceTree = "<group>";
		};
		D7513DAC3D5600A5429CD97F /* AIChallenge */ = {
			isa = PBXGroup;
			children = (
				BC027A79A275D12491AEFC5C /* App */,
				14BB796C528D879866C4AF2E /* Core */,
				56F96AF470DBDCF0186A018F /* Data */,
				E456E99275BE9EFCA837BB04 /* Domain */,
				9F1A61673C35343CD94F33D0 /* Features */,
			);
			path = AIChallenge;
			sourceTree = "<group>";
		};
		DBFD03A1AFBD4CAD13CF63C0 /* Presentation */ = {
			isa = PBXGroup;
			children = (
				010EDF051019F721907714D6 /* AIAgentViewModel.swift */,
			);
			path = Presentation;
			sourceTree = "<group>";
		};
		DEFAB63544D94544250871A4 /* Agent */ = {
			isa = PBXGroup;
			children = (
				DBFD03A1AFBD4CAD13CF63C0 /* Presentation */,
				1293115B383E8394E8AF2709 /* Views */,
			);
			path = Agent;
			sourceTree = "<group>";
		};
		DFA4CBE003D9056B1DDBA2B8 = {
			isa = PBXGroup;
			children = (
				D7513DAC3D5600A5429CD97F /* AIChallenge */,
				822703F4B64F66AE7AAEAE5C /* AIChallengeTests */,
				E98B6CADE86DE1F550120B62 /* Config */,
				1F5840DC155BF248AEAB20A0 /* Products */,
			);
			sourceTree = "<group>";
		};
		E056BD6DCAFD8A1B3594D7D5 /* Reasoning */ = {
			isa = PBXGroup;
			children = (
				887464F876F9248821774486 /* Presentation */,
				409150307A5E72D4F79C07C2 /* Views */,
			);
			path = Reasoning;
			sourceTree = "<group>";
		};
		E1CBBCCBE17A18D9BAE1840A /* Presentation */ = {
			isa = PBXGroup;
			children = (
				9C42590EBD75F7D45004C595 /* ChatViewModel.swift */,
			);
			path = Presentation;
			sourceTree = "<group>";
		};
		E456E99275BE9EFCA837BB04 /* Domain */ = {
			isa = PBXGroup;
			children = (
				6423B55B895D893A3B37FB05 /* Models */,
				A54D9D00A425E4197D82B77B /* Repositories */,
				CB81AF83D7E281F9E37B3E8B /* UseCases */,
			);
			path = Domain;
			sourceTree = "<group>";
		};
		E4AC459AD44E2CDDEEB43F9A /* Catalog */ = {
			isa = PBXGroup;
			children = (
				D782CF6167DCAD5DEBD2052F /* ChallengeCatalogScreen.swift */,
			);
			path = Catalog;
			sourceTree = "<group>";
		};
		E98B6CADE86DE1F550120B62 /* Config */ = {
			isa = PBXGroup;
			children = (
				6C56BC58FE020F7466015BE4 /* App.xcconfig */,
			);
			path = Config;
			sourceTree = "<group>";
		};
		F178F2A262FB7FBE3937660D /* Views */ = {
			isa = PBXGroup;
			children = (
				D1F7A05267CFADA311921737 /* ChatScreen.swift */,
				1CA9058D4B72C152E8B04242 /* MessageBubble.swift */,
				C3846B620896C3F8660B5C39 /* MessageInputView.swift */,
			);
			path = Views;
			sourceTree = "<group>";
		};
/* End PBXGroup section */

/* Begin PBXNativeTarget section */
		7D37F174F06D187CDFFC9AD4 /* AIChallengeTests */ = {
			isa = PBXNativeTarget;
			buildConfigurationList = CFBD8AB7E89C356CF671A90D /* Build configuration list for PBXNativeTarget "AIChallengeTests" */;
			buildPhases = (
				E6138A73BBB489A89A97F5BF /* Sources */,
			);
			buildRules = (
			);
			dependencies = (
				DD3B62A5A9503DC4F59E86D6 /* PBXTargetDependency */,
			);
			name = AIChallengeTests;
			packageProductDependencies = (
			);
			productName = AIChallengeTests;
			productReference = 9653D39E22A786D8EEE0FF23 /* AIChallengeTests.xctest */;
			productType = "com.apple.product-type.bundle.unit-test";
		};
		E0242721846DBD0311AB5BED /* AIChallenge */ = {
			isa = PBXNativeTarget;
			buildConfigurationList = 1FCFAC0B38A9C20160AEC7B4 /* Build configuration list for PBXNativeTarget "AIChallenge" */;
			buildPhases = (
				F988ADCD3D56662117CAAFE5 /* Sources */,
			);
			buildRules = (
			);
			dependencies = (
			);
			name = AIChallenge;
			packageProductDependencies = (
			);
			productName = AIChallenge;
			productReference = 080CAD5C83B71FC309FBEAD5 /* AIChallenge.app */;
			productType = "com.apple.product-type.application";
		};
/* End PBXNativeTarget section */

/* Begin PBXProject section */
		8F1790634B60058273775D1F /* Project object */ = {
			isa = PBXProject;
			attributes = {
				BuildIndependentTargetsInParallel = YES;
				LastUpgradeCheck = 2600;
				TargetAttributes = {
				};
			};
			buildConfigurationList = 64A7E75AE89387334F0EBCBB /* Build configuration list for PBXProject "AIChallenge" */;
			developmentRegion = en;
			hasScannedForEncodings = 0;
			knownRegions = (
				Base,
				en,
			);
			mainGroup = DFA4CBE003D9056B1DDBA2B8;
			minimizedProjectReferenceProxies = 1;
			preferredProjectObjectVersion = 77;
			productRefGroup = 1F5840DC155BF248AEAB20A0 /* Products */;
			projectDirPath = "";
			projectRoot = "";
			targets = (
				E0242721846DBD0311AB5BED /* AIChallenge */,
				7D37F174F06D187CDFFC9AD4 /* AIChallengeTests */,
			);
		};
/* End PBXProject section */

/* Begin PBXSourcesBuildPhase section */
		E6138A73BBB489A89A97F5BF /* Sources */ = {
			isa = PBXSourcesBuildPhase;
			buildActionMask = 2147483647;
			files = (
				C4B04D5E125443183A0E97A0 /* SendMessageUseCaseTests.swift in Sources */,
			);
			runOnlyForDeploymentPostprocessing = 0;
		};
		F988ADCD3D56662117CAAFE5 /* Sources */ = {
			isa = PBXSourcesBuildPhase;
			buildActionMask = 2147483647;
			files = (
				A2427CED350F7945C73FEEDB /* AIAgent.swift in Sources */,
				B6F9BBD3EF57E964C231108A /* AIAgentAPI.swift in Sources */,
				C8B8F40CFEA3913C2FA58742 /* AIAgentDTO.swift in Sources */,
				A6F58DDCD623B8DEE8B8AD2A /* AIAgentRepository.swift in Sources */,
				36162082E2BBEEB2CB2521F9 /* AIAgentScreen.swift in Sources */,
				6DD00D1989A72B6B1F5F2256 /* AIAgentViewModel.swift in Sources */,
				EDCA6DC90ED0C3724CE455FA /* AIChallengeApp.swift in Sources */,
				ED66A16665037D6E52602D13 /* AITheme.swift in Sources */,
				A0933F24E866DCEE8EB9366F /* APIErrorDTO.swift in Sources */,
				DA8E36036FD6AD2D5C7C30BB /* AgentMemoryRepository.swift in Sources */,
				1D28729201F77FC10F66F6D9 /* AgentMemoryScreen.swift in Sources */,
				0BA7451034592F0FC76CB350 /* AgentMemoryViewModel.swift in Sources */,
				9EBFBBD804C25BD5145B6435 /* AppConfiguration.swift in Sources */,
				A60D702F0532742538FEBCCA /* AppContainer.swift in Sources */,
				D355D6526FCD6ECAED6DFFC8 /* ChallengeCatalogScreen.swift in Sources */,
				60DDE5D2C9C3116E28B9047C /* ChatAPI.swift in Sources */,
				A41E09C494105C3994FE8A95 /* ChatMessage.swift in Sources */,
				EED224A20987C5548F659005 /* ChatReply.swift in Sources */,
				32A8034ECDAE24A1E22EDAC2 /* ChatRepository.swift in Sources */,
				CFFF4C7140AA36DBA94B8EF7 /* ChatRequestDTO.swift in Sources */,
				DA775C78ACEEF210ECFEDA4A /* ChatResponseDTO.swift in Sources */,
				E64F1F3E0D61FA33B7342A69 /* ChatScreen.swift in Sources */,
				80F69D38B9659875BD666AD0 /* ChatViewModel.swift in Sources */,
				76F79E951EFD16D15E33548F /* CompareModelsUseCase.swift in Sources */,
				B651AD4E1B7285F9D643A317 /* CompareReasoningStrategiesUseCase.swift in Sources */,
				6331BD4B0B3E9ED4A2992797 /* CompareResponsesUseCase.swift in Sources */,
				4A58B3D181E71CAFED233E75 /* CompareTemperaturesUseCase.swift in Sources */,
				34EA43F78A7EB7B91BC1178C /* ContinueAgentConversationUseCase.swift in Sources */,
				828158D4CE38E3632944DBD0 /* DayOneScreen.swift in Sources */,
				CEAAB2611A58FE960587CAA5 /* DayOneViewModel.swift in Sources */,
				506E3AC9C1B51545DCDBACC4 /* DefaultAIAgentRepository.swift in Sources */,
				45BB32598B3F35B415642C09 /* DefaultChatRepository.swift in Sources */,
				B39C4D7F9B609B80BB9F93A2 /* DefaultModelBenchmarkRepository.swift in Sources */,
				F12614CF1EFC1309A81A63B3 /* DefaultReasoningRepository.swift in Sources */,
				F0C891123F8760AA4897C64C /* DefaultTemperatureRepository.swift in Sources */,
				831C043920DC745D1DC52A52 /* HTTPClient.swift in Sources */,
				612DA54276720C064FA50075 /* MessageBubble.swift in Sources */,
				D06BB70DF65BCB43D1BE7DF9 /* MessageInputView.swift in Sources */,
				FED79E710D13B0FF79C2B93B /* ModelBenchmark.swift in Sources */,
				0A67830AA6AA548EB0518075 /* ModelBenchmarkAPI.swift in Sources */,
				9D7B28C9C6BA9185748E5E84 /* ModelBenchmarkDTO.swift in Sources */,
				9A760C352AED43CCC4474518 /* ModelBenchmarkRepository.swift in Sources */,
				4A6F6EDC2EE081F5F5AAF808 /* ModelComparisonScreen.swift in Sources */,
				9F4B8B9DA9CE4AA77686CA4C /* ModelComparisonViewModel.swift in Sources */,
				1209B989EB004DB9BC9095B8 /* NetworkError.swift in Sources */,
				E5979866DD5CF3E19B05E121 /* Reasoning.swift in Sources */,
				7B0AFD353C22C8037555AF21 /* ReasoningAPI.swift in Sources */,
				E360A02A562B5290187BC268 /* ReasoningComparisonScreen.swift in Sources */,
				5C235B3074A031ABD793A79D /* ReasoningComparisonViewModel.swift in Sources */,
				4C0604327534D0798FA71565 /* ReasoningDTO.swift in Sources */,
				E0791C8005906EE0FDE57C23 /* ReasoningRepository.swift in Sources */,
				D4449EE3A9007D9A0B8430AB /* SendMessageUseCase.swift in Sources */,
				E3DE98C0FD9F7CB942811927 /* TalkToAgentUseCase.swift in Sources */,
				B4AEB316116EA61C13B7E1A7 /* TemperatureAPI.swift in Sources */,
				719C13BE8A2FAADC5C4C2B6C /* TemperatureComparisonScreen.swift in Sources */,
				0EC9FB3B4AF0DD072D7B917B /* TemperatureComparisonViewModel.swift in Sources */,
				A25826D84142952A7312BD66 /* TemperatureDTO.swift in Sources */,
				4DBB3170735349156CEE7403 /* TemperatureExperiment.swift in Sources */,
				78C72BA25741CB01929E920C /* TemperatureRepository.swift in Sources */,
				E324CEC46B108EE11F3DC1C6 /* URLSessionHTTPClient.swift in Sources */,
			);
			runOnlyForDeploymentPostprocessing = 0;
		};
/* End PBXSourcesBuildPhase section */

/* Begin PBXTargetDependency section */
		DD3B62A5A9503DC4F59E86D6 /* PBXTargetDependency */ = {
			isa = PBXTargetDependency;
			target = E0242721846DBD0311AB5BED /* AIChallenge */;
			targetProxy = 0928892AE87D81BF302BC74D /* PBXContainerItemProxy */;
		};
/* End PBXTargetDependency section */

/* Begin XCBuildConfiguration section */
		14AFB4217F23B7142F633FA5 /* Release */ = {
			isa = XCBuildConfiguration;
			buildSettings = {
				BUNDLE_LOADER = "$(TEST_HOST)";
				GENERATE_INFOPLIST_FILE = YES;
				LD_RUNPATH_SEARCH_PATHS = (
					"$(inherited)",
					"@executable_path/Frameworks",
					"@loader_path/Frameworks",
				);
				PRODUCT_BUNDLE_IDENTIFIER = dev.eugeneapple.aichallenge.tests;
				SDKROOT = iphoneos;
				TARGETED_DEVICE_FAMILY = "1,2";
				TEST_HOST = "$(BUILT_PRODUCTS_DIR)/AIChallenge.app/AIChallenge";
			};
			name = Release;
		};
		3439A68DE5AD10AE0E998386 /* Release */ = {
			isa = XCBuildConfiguration;
			baseConfigurationReference = 6C56BC58FE020F7466015BE4 /* App.xcconfig */;
			buildSettings = {
				ASSETCATALOG_COMPILER_APPICON_NAME = AppIcon;
				CODE_SIGN_IDENTITY = "iPhone Developer";
				INFOPLIST_FILE = AIChallenge/Resources/Info.plist;
				LD_RUNPATH_SEARCH_PATHS = (
					"$(inherited)",
					"@executable_path/Frameworks",
				);
				PRODUCT_BUNDLE_IDENTIFIER = dev.eugeneapple.aichallenge;
				PRODUCT_NAME = AIChallenge;
				SDKROOT = iphoneos;
				TARGETED_DEVICE_FAMILY = "1,2";
			};
			name = Release;
		};
		35AACEDA9D252C21570EC139 /* Release */ = {
			isa = XCBuildConfiguration;
			buildSettings = {
				ALWAYS_SEARCH_USER_PATHS = NO;
				CLANG_ANALYZER_NONNULL = YES;
				CLANG_ANALYZER_NUMBER_OBJECT_CONVERSION = YES_AGGRESSIVE;
				CLANG_CXX_LANGUAGE_STANDARD = "gnu++14";
				CLANG_CXX_LIBRARY = "libc++";
				CLANG_ENABLE_MODULES = YES;
				CLANG_ENABLE_OBJC_ARC = YES;
				CLANG_ENABLE_OBJC_WEAK = YES;
				CLANG_WARN_BLOCK_CAPTURE_AUTORELEASING = YES;
				CLANG_WARN_BOOL_CONVERSION = YES;
				CLANG_WARN_COMMA = YES;
				CLANG_WARN_CONSTANT_CONVERSION = YES;
				CLANG_WARN_DEPRECATED_OBJC_IMPLEMENTATIONS = YES;
				CLANG_WARN_DIRECT_OBJC_ISA_USAGE = YES_ERROR;
				CLANG_WARN_DOCUMENTATION_COMMENTS = YES;
				CLANG_WARN_EMPTY_BODY = YES;
				CLANG_WARN_ENUM_CONVERSION = YES;
				CLANG_WARN_INFINITE_RECURSION = YES;
				CLANG_WARN_INT_CONVERSION = YES;
				CLANG_WARN_NON_LITERAL_NULL_CONVERSION = YES;
				CLANG_WARN_OBJC_IMPLICIT_RETAIN_SELF = YES;
				CLANG_WARN_OBJC_LITERAL_CONVERSION = YES;
				CLANG_WARN_OBJC_ROOT_CLASS = YES_ERROR;
				CLANG_WARN_QUOTED_INCLUDE_IN_FRAMEWORK_HEADER = YES;
				CLANG_WARN_RANGE_LOOP_ANALYSIS = YES;
				CLANG_WARN_STRICT_PROTOTYPES = YES;
				CLANG_WARN_SUSPICIOUS_MOVE = YES;
				CLANG_WARN_UNGUARDED_AVAILABILITY = YES_AGGRESSIVE;
				CLANG_WARN_UNREACHABLE_CODE = YES;
				CLANG_WARN__DUPLICATE_METHOD_MATCH = YES;
				COPY_PHASE_STRIP = NO;
				DEBUG_INFORMATION_FORMAT = "dwarf-with-dsym";
				ENABLE_NS_ASSERTIONS = NO;
				ENABLE_STRICT_OBJC_MSGSEND = YES;
				GCC_C_LANGUAGE_STANDARD = gnu11;
				GCC_NO_COMMON_BLOCKS = YES;
				GCC_WARN_64_TO_32_BIT_CONVERSION = YES;
				GCC_WARN_ABOUT_RETURN_TYPE = YES_ERROR;
				GCC_WARN_UNDECLARED_SELECTOR = YES;
				GCC_WARN_UNINITIALIZED_AUTOS = YES_AGGRESSIVE;
				GCC_WARN_UNUSED_FUNCTION = YES;
				GCC_WARN_UNUSED_VARIABLE = YES;
				IPHONEOS_DEPLOYMENT_TARGET = 17.0;
				MTL_ENABLE_DEBUG_INFO = NO;
				MTL_FAST_MATH = YES;
				PRODUCT_NAME = "$(TARGET_NAME)";
				SDKROOT = iphoneos;
				SWIFT_COMPILATION_MODE = wholemodule;
				SWIFT_OPTIMIZATION_LEVEL = "-O";
				SWIFT_STRICT_CONCURRENCY = complete;
				SWIFT_VERSION = 6.0;
			};
			name = Release;
		};
		48D2BDC4AF4600691F69F1FB /* Debug */ = {
			isa = XCBuildConfiguration;
			baseConfigurationReference = 6C56BC58FE020F7466015BE4 /* App.xcconfig */;
			buildSettings = {
				ASSETCATALOG_COMPILER_APPICON_NAME = AppIcon;
				CODE_SIGN_IDENTITY = "iPhone Developer";
				INFOPLIST_FILE = AIChallenge/Resources/Info.plist;
				LD_RUNPATH_SEARCH_PATHS = (
					"$(inherited)",
					"@executable_path/Frameworks",
				);
				PRODUCT_BUNDLE_IDENTIFIER = dev.eugeneapple.aichallenge;
				PRODUCT_NAME = AIChallenge;
				SDKROOT = iphoneos;
				TARGETED_DEVICE_FAMILY = "1,2";
			};
			name = Debug;
		};
		9964A67DE322F75B9B50C0FC /* Debug */ = {
			isa = XCBuildConfiguration;
			buildSettings = {
				ALWAYS_SEARCH_USER_PATHS = NO;
				CLANG_ANALYZER_NONNULL = YES;
				CLANG_ANALYZER_NUMBER_OBJECT_CONVERSION = YES_AGGRESSIVE;
				CLANG_CXX_LANGUAGE_STANDARD = "gnu++14";
				CLANG_CXX_LIBRARY = "libc++";
				CLANG_ENABLE_MODULES = YES;
				CLANG_ENABLE_OBJC_ARC = YES;
				CLANG_ENABLE_OBJC_WEAK = YES;
				CLANG_WARN_BLOCK_CAPTURE_AUTORELEASING = YES;
				CLANG_WARN_BOOL_CONVERSION = YES;
				CLANG_WARN_COMMA = YES;
				CLANG_WARN_CONSTANT_CONVERSION = YES;
				CLANG_WARN_DEPRECATED_OBJC_IMPLEMENTATIONS = YES;
				CLANG_WARN_DIRECT_OBJC_ISA_USAGE = YES_ERROR;
				CLANG_WARN_DOCUMENTATION_COMMENTS = YES;
				CLANG_WARN_EMPTY_BODY = YES;
				CLANG_WARN_ENUM_CONVERSION = YES;
				CLANG_WARN_INFINITE_RECURSION = YES;
				CLANG_WARN_INT_CONVERSION = YES;
				CLANG_WARN_NON_LITERAL_NULL_CONVERSION = YES;
				CLANG_WARN_OBJC_IMPLICIT_RETAIN_SELF = YES;
				CLANG_WARN_OBJC_LITERAL_CONVERSION = YES;
				CLANG_WARN_OBJC_ROOT_CLASS = YES_ERROR;
				CLANG_WARN_QUOTED_INCLUDE_IN_FRAMEWORK_HEADER = YES;
				CLANG_WARN_RANGE_LOOP_ANALYSIS = YES;
				CLANG_WARN_STRICT_PROTOTYPES = YES;
				CLANG_WARN_SUSPICIOUS_MOVE = YES;
				CLANG_WARN_UNGUARDED_AVAILABILITY = YES_AGGRESSIVE;
				CLANG_WARN_UNREACHABLE_CODE = YES;
				CLANG_WARN__DUPLICATE_METHOD_MATCH = YES;
				COPY_PHASE_STRIP = NO;
				DEBUG_INFORMATION_FORMAT = dwarf;
				ENABLE_STRICT_OBJC_MSGSEND = YES;
				ENABLE_TESTABILITY = YES;
				GCC_C_LANGUAGE_STANDARD = gnu11;
				GCC_DYNAMIC_NO_PIC = NO;
				GCC_NO_COMMON_BLOCKS = YES;
				GCC_OPTIMIZATION_LEVEL = 0;
				GCC_PREPROCESSOR_DEFINITIONS = (
					"$(inherited)",
					"DEBUG=1",
				);
				GCC_WARN_64_TO_32_BIT_CONVERSION = YES;
				GCC_WARN_ABOUT_RETURN_TYPE = YES_ERROR;
				GCC_WARN_UNDECLARED_SELECTOR = YES;
				GCC_WARN_UNINITIALIZED_AUTOS = YES_AGGRESSIVE;
				GCC_WARN_UNUSED_FUNCTION = YES;
				GCC_WARN_UNUSED_VARIABLE = YES;
				IPHONEOS_DEPLOYMENT_TARGET = 17.0;
				MTL_ENABLE_DEBUG_INFO = INCLUDE_SOURCE;
				MTL_FAST_MATH = YES;
				ONLY_ACTIVE_ARCH = YES;
				PRODUCT_NAME = "$(TARGET_NAME)";
				SDKROOT = iphoneos;
				SWIFT_ACTIVE_COMPILATION_CONDITIONS = DEBUG;
				SWIFT_OPTIMIZATION_LEVEL = "-Onone";
				SWIFT_STRICT_CONCURRENCY = complete;
				SWIFT_VERSION = 6.0;
			};
			name = Debug;
		};
		C9347275317A1081F6719747 /* Debug */ = {
			isa = XCBuildConfiguration;
			buildSettings = {
				BUNDLE_LOADER = "$(TEST_HOST)";
				GENERATE_INFOPLIST_FILE = YES;
				LD_RUNPATH_SEARCH_PATHS = (
					"$(inherited)",
					"@executable_path/Frameworks",
					"@loader_path/Frameworks",
				);
				PRODUCT_BUNDLE_IDENTIFIER = dev.eugeneapple.aichallenge.tests;
				SDKROOT = iphoneos;
				TARGETED_DEVICE_FAMILY = "1,2";
				TEST_HOST = "$(BUILT_PRODUCTS_DIR)/AIChallenge.app/AIChallenge";
			};
			name = Debug;
		};
/* End XCBuildConfiguration section */

/* Begin XCConfigurationList section */
		1FCFAC0B38A9C20160AEC7B4 /* Build configuration list for PBXNativeTarget "AIChallenge" */ = {
			isa = XCConfigurationList;
			buildConfigurations = (
				48D2BDC4AF4600691F69F1FB /* Debug */,
				3439A68DE5AD10AE0E998386 /* Release */,
			);
			defaultConfigurationIsVisible = 0;
			defaultConfigurationName = Debug;
		};
		64A7E75AE89387334F0EBCBB /* Build configuration list for PBXProject "AIChallenge" */ = {
			isa = XCConfigurationList;
			buildConfigurations = (
				9964A67DE322F75B9B50C0FC /* Debug */,
				35AACEDA9D252C21570EC139 /* Release */,
			);
			defaultConfigurationIsVisible = 0;
			defaultConfigurationName = Debug;
		};
		CFBD8AB7E89C356CF671A90D /* Build configuration list for PBXNativeTarget "AIChallengeTests" */ = {
			isa = XCConfigurationList;
			buildConfigurations = (
				C9347275317A1081F6719747 /* Debug */,
				14AFB4217F23B7142F633FA5 /* Release */,
			);
			defaultConfigurationIsVisible = 0;
			defaultConfigurationName = Debug;
		};
/* End XCConfigurationList section */
	};
	rootObject = 8F1790634B60058273775D1F /* Project object */;
}
